// !$*UTF8*$!
{
	archiveVersion = 1;
	classes = {
	};
	objectVersion = 48;
	objects = {

/* Begin PBXBuildFile section */
		D564643E202DECBE0095F484 /* AppDelegate.swift in Sources */ = {isa = PBXBuildFile; fileRef = D564643D202DECBE0095F484 /* AppDelegate.swift */; };
		D5646440202DECBE0095F484 /* ViewController.swift in Sources */ = {isa = PBXBuildFile; fileRef = D564643F202DECBE0095F484 /* ViewController.swift */; };
		D5646443202DECBE0095F484 /* Main.storyboard in Resources */ = {isa = PBXBuildFile; fileRef = D5646441202DECBE0095F484 /* Main.storyboard */; };
		D5646445202DECBE0095F484 /* Assets.xcassets in Resources */ = {isa = PBXBuildFile; fileRef = D5646444202DECBE0095F484 /* Assets.xcassets */; };
		D5646448202DECBE0095F484 /* LaunchScreen.storyboard in Resources */ = {isa = PBXBuildFile; fileRef = D5646446202DECBE0095F484 /* LaunchScreen.storyboard */; };
		D56A91DA20332BB8004849F7 /* Login.storyboard in Resources */ = {isa = PBXBuildFile; fileRef = D56A91D920332BB8004849F7 /* Login.storyboard */; };
		D56A91DC20332C4F004849F7 /* LOGIN:SIGNUP.storyboard in Resources */ = {isa = PBXBuildFile; fileRef = D56A91DB20332C4F004849F7 /* LOGIN:SIGNUP.storyboard */; };
/* End PBXBuildFile section */

/* Begin PBXFileReference section */
		D564643A202DECBE0095F484 /* LOGIN IN APP.app */ = {isa = PBXFileReference; explicitFileType = wrapper.application; includeInIndex = 0; path = "LOGIN IN APP.app"; sourceTree = BUILT_PRODUCTS_DIR; };
		D564643D202DECBE0095F484 /* AppDelegate.swift */ = {isa = PBXFileReference; lastKnownFileType = sourcecode.swift; path = AppDelegate.swift; sourceTree = "<group>"; };
		D564643F202DECBE0095F484 /* ViewController.swift */ = {isa = PBXFileReference; lastKnownFileType = sourcecode.swift; path = ViewController.swift; sourceTree = "<group>"; };
		D5646442202DECBE0095F484 /* Base */ = {isa = PBXFileReference; lastKnownFileType = file.storyboard; name = Base; path = Base.lproj/Main.storyboard; sourceTree = "<group>"; };
		D5646444202DECBE0095F484 /* Assets.xcassets */ = {isa = PBXFileReference; lastKnownFileType = folder.assetcatalog; path = Assets.xcassets; sourceTree = "<group>"; };
		D5646447202DECBE0095F484 /* Base */ = {isa = PBXFileReference; lastKnownFileType = file.storyboard; name = Base; path = Base.lproj/LaunchScreen.storyboard; sourceTree = "<group>"; };
		D5646449202DECBE0095F484 /* Info.plist */ = {isa = PBXFileReference; lastKnownFileType = text.plist.xml; path = Info.plist; sourceTree = "<group>"; };
		D56A91D920332BB8004849F7 /* Login.storyboard */ = {isa = PBXFileReference; lastKnownFileType = file.storyboard; path = Login.storyboard; sourceTree = "<group>"; };
		D56A91DB20332C4F004849F7 /* LOGIN:SIGNUP.storyboard */ = {isa = PBXFileReference; lastKnownFileType = file.storyboard; path = "LOGIN:SIGNUP.storyboard"; sourceTree = "<group>"; };
/* End PBXFileReference section */

/* Begin PBXFrameworksBuildPhase section */
		D5646437202DECBE0095F484 /* Frameworks */ = {
			isa = PBXFrameworksBuildPhase;
			buildActionMask = 2147483647;
			files = (
			);
			runOnlyForDeploymentPostprocessing = 0;
		};
/* End PBXFrameworksBuildPhase section */

/* Begin PBXGroup section */
		D5646431202DECBE0095F484 = {
			isa = PBXGroup;
			children = (
				D564643C202DECBE0095F484 /* LOGIN IN APP */,
				D564643B202DECBE0095F484 /* Products */,
			);
			sourceTree = "<group>";
		};
		D564643B202DECBE0095F484 /* Products */ = {
			isa = PBXGroup;
			children = (
				D564643A202DECBE0095F484 /* LOGIN IN APP.app */,
			);
			name = Products;
			sourceTree = "<group>";
		};
		D564643C202DECBE0095F484 /* LOGIN IN APP */ = {
			isa = PBXGroup;
			children = (
				D564643D202DECBE0095F484 /* AppDelegate.swift */,
				D564643F202DECBE0095F484 /* ViewController.swift */,
				D5646446202DECBE0095F484 /* LaunchScreen.storyboard */,
				D5646441202DECBE0095F484 /* Main.storyboard */,
				D56A91DB20332C4F004849F7 /* LOGIN:SIGNUP.storyboard */,
				D56A91D920332BB8004849F7 /* Login.storyboard */,
				D5646444202DECBE0095F484 /* Assets.xcassets */,
				D5646449202DECBE0095F484 /* Info.plist */,
			);
			path = "LOGIN IN APP";
			sourceTree = "<group>";
		};
/* End PBXGroup section */

/* Begin PBXNativeTarget section */
		D5646439202DECBE0095F484 /* LOGIN IN APP */ = {
			isa = PBXNativeTarget;
			buildConfigurationList = D564644C202DECBE0095F484 /* Build configuration list for PBXNativeTarget "LOGIN IN APP" */;
			buildPhases = (
				D5646436202DECBE0095F484 /* Sources */,
				D5646437202DECBE0095F484 /* Frameworks */,
				D5646438202DECBE0095F484 /* Resources */,
			);
			buildRules = (
			);
			dependencies = (
			);
			name = "LOGIN IN APP";
			productName = "LOGIN IN APP";
			productReference = D564643A202DECBE0095F484 /* LOGIN IN APP.app */;
			productType = "com.apple.product-type.application";
		};
/* End PBXNativeTarget section */

/* Begin PBXProject section */
		D5646432202DECBE0095F484 /* Project object */ = {
			isa = PBXProject;
			attributes = {
				LastSwiftUpdateCheck = 0920;
				LastUpgradeCheck = 0920;
				ORGANIZATIONNAME = larsoncarter;
				TargetAttributes = {
					D5646439202DECBE0095F484 = {
						CreatedOnToolsVersion = 9.2;
						ProvisioningStyle = Automatic;
					};
				};
			};
			buildConfigurationList = D5646435202DECBE0095F484 /* Build configuration list for PBXProject "LOGIN IN APP" */;
			compatibilityVersion = "Xcode 8.0";
			developmentRegion = en;
			hasScannedForEncodings = 0;
			knownRegions = (
				en,
				Base,
			);
			mainGroup = D5646431202DECBE0095F484;
			productRefGroup = D564643B202DECBE0095F484 /* Products */;
			projectDirPath = "";
			projectRoot = "";
			targets = (
				D5646439202DECBE0095F484 /* LOGIN IN APP */,
			);
		};
/* End PBXProject section */

/* Begin PBXResourcesBuildPhase section */
		D5646438202DECBE0095F484 /* Resources */ = {
			isa = PBXResourcesBuildPhase;
			buildActionMask = 2147483647;
			files = (
				D56A91DA20332BB8004849F7 /* Login.storyboard in Resources */,
				D5646448202DECBE0095F484 /* LaunchScreen.storyboard in Resources */,
				D5646445202DECBE0095F484 /* Assets.xcassets in Resources */,
				D5646443202DECBE0095F484 /* Main.storyboard in Resources */,
				D56A91DC20332C4F004849F7 /* LOGIN:SIGNUP.storyboard in Resources */,
			);
			runOnlyForDeploymentPostprocessing = 0;
		};
/* End PBXResourcesBuildPhase section */

/* Begin PBXSourcesBuildPhase section */
		D5646436202DECBE0095F484 /* Sources */ = {
			isa = PBXSourcesBuildPhase;
			buildActionMask = 2147483647;
			files = (
				D5646440202DECBE0095F484 /* ViewController.swift in Sources */,
				D564643E202DECBE0095F484 /* AppDelegate.swift in Sources */,
			);
			runOnlyForDeploymentPostprocessing = 0;
		};
/* End PBXSourcesBuildPhase section */

/* Begin PBXVariantGroup section */
		D5646441202DECBE0095F484 /* Main.storyboard */ = {
			isa = PBXVariantGroup;
			children = (
				D5646442202DECBE0095F484 /* Base */,
			);
			name = Main.storyboard;
			sourceTree = "<group>";
		};
		D5646446202DECBE0095F484 /* LaunchScreen.storyboard */ = {
			isa = PBXVariantGroup;
			children = (
				D5646447202DECBE0095F484 /* Base */,
			);
			name = LaunchScreen.storyboard;
			sourceTree = "<group>";
		};
/* End PBXVariantGroup section */

/* Begin XCBuildConfiguration section */
		D564644A202DECBE0095F484 /* Debug */ = {
			isa = XCBuildConfiguration;
			buildSettings = {
				ALWAYS_SEARCH_USER_PATHS = NO;
				CLANG_ANALYZER_NONNULL = YES;
				CLANG_ANALYZER_NUMBER_OBJECT_CONVERSION = YES_AGGRESSIVE;
				CLANG_CXX_LANGUAGE_STANDARD = "gnu++14";
				CLANG_CXX_LIBRARY = "libc++";
				CLANG_ENABLE_MODULES = YES;
				CLANG_ENABLE_OBJC_ARC = YES;
				CLANG_WARN_BLOCK_CAPTURE_AUTORELEASING = YES;
				CLANG_WARN_BOOL_CONVERSION = YES;
				CLANG_WARN_COMMA = YES;
				CLANG_WARN_CONSTANT_CONVERSION = YES;
				CLANG_WARN_DIRECT_OBJC_ISA_USAGE = YES_ERROR;
				CLANG_WARN_DOCUMENTATION_COMMENTS = YES;
				CLANG_WARN_EMPTY_BODY = YES;
				CLANG_WARN_ENUM_CONVERSION = YES;
				CLANG_WARN_INFINITE_RECURSION = YES;
				CLANG_WARN_INT_CONVERSION = YES;
				CLANG_WARN_NON_LITERAL_NULL_CONVERSION = YES;
				CLANG_WARN_OBJC_LITERAL_CONVERSION = YES;
				CLANG_WARN_OBJC_ROOT_CLASS = YES_ERROR;
				CLANG_WARN_RANGE_LOOP_ANALYSIS = YES;
				CLANG_WARN_STRICT_PROTOTYPES = YES;
				CLANG_WARN_SUSPICIOUS_MOVE = YES;
				CLANG_WARN_UNGUARDED_AVAILABILITY = YES_AGGRESSIVE;
				CLANG_WARN_UNREACHABLE_CODE = YES;
				CLANG_WARN__DUPLICATE_METHOD_MATCH = YES;
				CODE_SIGN_IDENTITY = "iPhone Developer";
				COPY_PHASE_STRIP = NO;
				DEBUG_INFORMATION_FORMAT = dwarf;
				ENABLE_STRICT_OBJC_MSGSEND = YES;
				ENABLE_TESTABILITY = YES;
				GCC_C_LANGUAGE_STANDARD = gnu11;
				GCC_DYNAMIC_NO_PIC = NO;
				GCC_NO_COMMON_BLOCKS = YES;
				GCC_OPTIMIZATION_LEVEL = 0;
				GCC_PREPROCESSOR_DEFINITIONS = (
					"DEBUG=1",
					"$(inherited)",
				);
				GCC_WARN_64_TO_32_BIT_CONVERSION = YES;
				GCC_WARN_ABOUT_RETURN_TYPE = YES_ERROR;
				GCC_WARN_UNDECLARED_SELECTOR = YES;
				GCC_WARN_UNINITIALIZED_AUTOS = YES_AGGRESSIVE;
				GCC_WARN_UNUSED_FUNCTION = YES;
				GCC_WARN_UNUSED_VARIABLE = YES;
				IPHONEOS_DEPLOYMENT_TARGET = 11.2;
				MTL_ENABLE_DEBUG_INFO = YES;
				ONLY_ACTIVE_ARCH = YES;
				SDKROOT = iphoneos;
				SWIFT_ACTIVE_COMPILATION_CONDITIONS = DEBUG;
				SWIFT_OPTIMIZATION_LEVEL = "-Onone";
			};
			name = Debug;
		};
		D564644B202DECBE0095F484 /* Release */ = {
			isa = XCBuildConfiguration;
			buildSettings = {
				ALWAYS_SEARCH_USER_PATHS = NO;
				CLANG_ANALYZER_NONNULL = YES;
				CLANG_ANALYZER_NUMBER_OBJECT_CONVERSION = YES_AGGRESSIVE;
				CLANG_CXX_LANGUAGE_STANDARD = "gnu++14";
				CLANG_CXX_LIBRARY = "libc++";
				CLANG_ENABLE_MODULES = YES;
				CLANG_ENABLE_OBJC_ARC = YES;
				CLANG_WARN_BLOCK_CAPTURE_AUTORELEASING = YES;
				CLANG_WARN_BOOL_CONVERSION = YES;
				CLANG_WARN_COMMA = YES;
				CLANG_WARN_CONSTANT_CONVERSION = YES;
				CLANG_WARN_DIRECT_OBJC_ISA_USAGE = YES_ERROR;
				CLANG_WARN_DOCUMENTATION_COMMENTS = YES;
				CLANG_WARN_EMPTY_BODY = YES;
				CLANG_WARN_ENUM_CONVERSION = YES;
				CLANG_WARN_INFINITE_RECURSION = YES;
				CLANG_WARN_INT_CONVERSION = YES;
				CLANG_WARN_NON_LITERAL_NULL_CONVERSION = YES;
				CLANG_WARN_OBJC_LITERAL_CONVERSION = YES;
				CLANG_WARN_OBJC_ROOT_CLASS = YES_ERROR;
				CLANG_WARN_RANGE_LOOP_ANALYSIS = YES;
				CLANG_WARN_STRICT_PROTOTYPES = YES;
				CLANG_WARN_SUSPICIOUS_MOVE = YES;
				CLANG_WARN_UNGUARDED_AVAILABILITY = YES_AGGRESSIVE;
				CLANG_WARN_UNREACHABLE_CODE = YES;
				CLANG_WARN__DUPLICATE_METHOD_MATCH = YES;
				CODE_SIGN_IDENTITY = "iPhone Developer";
				COPY_PHASE_STRIP = NO;
				DEBUG_INFORMATION_FORMAT = "dwarf-with-dsym";
				ENABLE_NS_ASSERTIONS = NO;
				ENABLE_STRICT_OBJC_MSGSEND = YES;
				GCC_C_LANGUAGE_STANDARD = gnu11;
				GCC_NO_COMMON_BLOCKS = YES;
				GCC_WARN_64_TO_32_BIT_CONVERSION = YES;
				GCC_WARN_ABOUT_RETURN_TYPE = YES_ERROR;
				GCC_WARN_UNDECLARED_SELECTOR = YES;
				GCC_WARN_UNINITIALIZED_AUTOS = YES_AGGRESSIVE;
				GCC_WARN_UNUSED_FUNCTION = YES;
				GCC_WARN_UNUSED_VARIABLE = YES;
				IPHONEOS_DEPLOYMENT_TARGET = 11.2;
				MTL_ENABLE_DEBUG_INFO = NO;
				SDKROOT = iphoneos;
				SWIFT_OPTIMIZATION_LEVEL = "-Owholemodule";
				VALIDATE_PRODUCT = YES;
			};
			name = Release;
		};
		D564644D202DECBE0095F484 /* Debug */ = {
			isa = XCBuildConfiguration;
			buildSettings = {
				ASSETCATALOG_COMPILER_APPICON_NAME = AppIcon;
				CODE_SIGN_STYLE = Automatic;
				INFOPLIST_FILE = "LOGIN IN APP/Info.plist";
				LD_RUNPATH_SEARCH_PATHS = "$(inherited) @executable_path/Frameworks";
				PRODUCT_BUNDLE_IDENTIFIER = "lcproductions.LOGIN-IN-APP";
				PRODUCT_NAME = "$(TARGET_NAME)";
				SWIFT_VERSION = 4.0;
				TARGETED_DEVICE_FAMILY = "1,2";
			};
			name = Debug;
		};
		D564644E202DECBE0095F484 /* Release */ = {
			isa = XCBuildConfiguration;
			buildSettings = {
				ASSETCATALOG_COMPILER_APPICON_NAME = AppIcon;
				CODE_SIGN_STYLE = Automatic;
				INFOPLIST_FILE = "LOGIN IN APP/Info.plist";
				LD_RUNPATH_SEARCH_PATHS = "$(inherited) @executable_path/Frameworks";
				PRODUCT_BUNDLE_IDENTIFIER = "lcproductions.LOGIN-IN-APP";
				PRODUCT_NAME = "$(TARGET_NAME)";
				SWIFT_VERSION = 4.0;
				TARGETED_DEVICE_FAMILY = "1,2";
			};
			name = Release;
		};
/* End XCBuildConfiguration section */

/* Begin XCConfigurationList section */
		D5646435202DECBE0095F484 /* Build configuration list for PBXProject "LOGIN IN APP" */ = {
			isa = XCConfigurationList;
			buildConfigurations = (
				D564644A202DECBE0095F484 /* Debug */,
				D564644B202DECBE0095F484 /* Release */,
			);
			defaultConfigurationIsVisible = 0;
			defaultConfigurationName = Release;
		};
		D564644C202DECBE0095F484 /* Build configuration list for PBXNativeTarget "LOGIN IN APP" */ = {
			isa = XCConfigurationList;
			buildConfigurations = (
				D564644D202DECBE0095F484 /* Debug */,
				D564644E202DECBE0095F484 /* Release */,
			);
			defaultConfigurationIsVisible = 0;
			defaultConfigurationName = Release;
		};
/* End XCConfigurationList section */
	};
	rootObject = D5646432202DECBE0095F484 /* Project object */;
}
